// !$*UTF8*$!
{
	archiveVersion = 1;
	classes = {
	};
	objectVersion = 46;
	objects = {

/* Begin PBXBuildFile section */
		D727920D1E580E5500B7A101 /* main.m in Sources */ = {isa = PBXBuildFile; fileRef = D727920C1E580E5500B7A101 /* main.m */; };
		D72792101E580E5500B7A101 /* AppDelegate.m in Sources */ = {isa = PBXBuildFile; fileRef = D727920F1E580E5500B7A101 /* AppDelegate.m */; };
		D72792131E580E5500B7A101 /* ViewController.m in Sources */ = {isa = PBXBuildFile; fileRef = D72792121E580E5500B7A101 /* ViewController.m */; };
		D72792161E580E5500B7A101 /* Main.storyboard in Resources */ = {isa = PBXBuildFile; fileRef = D72792141E580E5500B7A101 /* Main.storyboard */; };
		D72792181E580E5500B7A101 /* Assets.xcassets in Resources */ = {isa = PBXBuildFile; fileRef = D72792171E580E5500B7A101 /* Assets.xcassets */; };
		D727921B1E580E5500B7A101 /* LaunchScreen.storyboard in Resources */ = {isa = PBXBuildFile; fileRef = D72792191E580E5500B7A101 /* LaunchScreen.storyboard */; };
		D72792261E580E5500B7A101 /* RouterReverseDemoTests.m in Sources */ = {isa = PBXBuildFile; fileRef = D72792251E580E5500B7A101 /* RouterReverseDemoTests.m */; };
		D72792311E580E5500B7A101 /* RouterReverseDemoUITests.m in Sources */ = {isa = PBXBuildFile; fileRef = D72792301E580E5500B7A101 /* RouterReverseDemoUITests.m */; };
		D727924C1E580E8200B7A101 /* DCURLNavgation.m in Sources */ = {isa = PBXBuildFile; fileRef = D72792421E580E8200B7A101 /* DCURLNavgation.m */; };
		D727924D1E580E8200B7A101 /* DCURLRouter.m in Sources */ = {isa = PBXBuildFile; fileRef = D72792441E580E8200B7A101 /* DCURLRouter.m */; };
		D727924E1E580E8200B7A101 /* UIViewController+DCURLRouter.m in Sources */ = {isa = PBXBuildFile; fileRef = D72792461E580E8200B7A101 /* UIViewController+DCURLRouter.m */; };
		D727924F1E580E8200B7A101 /* ENNativePushManager.m in Sources */ = {isa = PBXBuildFile; fileRef = D72792491E580E8200B7A101 /* ENNativePushManager.m */; };
		D72792501E580E8200B7A101 /* UIViewController+ReverseValue.m in Sources */ = {isa = PBXBuildFile; fileRef = D727924B1E580E8200B7A101 /* UIViewController+ReverseValue.m */; };
		D72792531E580F1F00B7A101 /* SecondViewController.m in Sources */ = {isa = PBXBuildFile; fileRef = D72792521E580F1F00B7A101 /* SecondViewController.m */; };
		D72792551E58107200B7A101 /* DCURLRouter.plist in Resources */ = {isa = PBXBuildFile; fileRef = D72792541E58107200B7A101 /* DCURLRouter.plist */; };
/* End PBXBuildFile section */

/* Begin PBXContainerItemProxy section */
		D72792221E580E5500B7A101 /* PBXContainerItemProxy */ = {
			isa = PBXContainerItemProxy;
			containerPortal = D72792001E580E5500B7A101 /* Project object */;
			proxyType = 1;
			remoteGlobalIDString = D72792071E580E5500B7A101;
			remoteInfo = RouterReverseDemo;
		};
		D727922D1E580E5500B7A101 /* PBXContainerItemProxy */ = {
			isa = PBXContainerItemProxy;
			containerPortal = D72792001E580E5500B7A101 /* Project object */;
			proxyType = 1;
			remoteGlobalIDString = D72792071E580E5500B7A101;
			remoteInfo = RouterReverseDemo;
		};
/* End PBXContainerItemProxy section */

/* Begin PBXFileReference section */
		D72792081E580E5500B7A101 /* RouterReverseDemo.app */ = {isa = PBXFileReference; explicitFileType = wrapper.application; includeInIndex = 0; path = RouterReverseDemo.app; sourceTree = BUILT_PRODUCTS_DIR; };
		D727920C1E580E5500B7A101 /* main.m */ = {isa = PBXFileReference; lastKnownFileType = sourcecode.c.objc; path = main.m; sourceTree = "<group>"; };
		D727920E1E580E5500B7A101 /* AppDelegate.h */ = {isa = PBXFileReference; lastKnownFileType = sourcecode.c.h; path = AppDelegate.h; sourceTree = "<group>"; };
		D727920F1E580E5500B7A101 /* AppDelegate.m */ = {isa = PBXFileReference; lastKnownFileType = sourcecode.c.objc; path = AppDelegate.m; sourceTree = "<group>"; };
		D72792111E580E5500B7A101 /* ViewController.h */ = {isa = PBXFileReference; lastKnownFileType = sourcecode.c.h; path = ViewController.h; sourceTree = "<group>"; };
		D72792121E580E5500B7A101 /* ViewController.m */ = {isa = PBXFileReference; lastKnownFileType = sourcecode.c.objc; path = ViewController.m; sourceTree = "<group>"; };
		D72792151E580E5500B7A101 /* Base */ = {isa = PBXFileReference; lastKnownFileType = file.storyboard; name = Base; path = Base.lproj/Main.storyboard; sourceTree = "<group>"; };
		D72792171E580E5500B7A101 /* Assets.xcassets */ = {isa = PBXFileReference; lastKnownFileType = folder.assetcatalog; path = Assets.xcassets; sourceTree = "<group>"; };
		D727921A1E580E5500B7A101 /* Base */ = {isa = PBXFileReference; lastKnownFileType = file.storyboard; name = Base; path = Base.lproj/LaunchScreen.storyboard; sourceTree = "<group>"; };
		D727921C1E580E5500B7A101 /* Info.plist */ = {isa = PBXFileReference; lastKnownFileType = text.plist.xml; path = Info.plist; sourceTree = "<group>"; };
		D72792211E580E5500B7A101 /* RouterReverseDemoTests.xctest */ = {isa = PBXFileReference; explicitFileType = wrapper.cfbundle; includeInIndex = 0; path = RouterReverseDemoTests.xctest; sourceTree = BUILT_PRODUCTS_DIR; };
		D72792251E580E5500B7A101 /* RouterReverseDemoTests.m */ = {isa = PBXFileReference; lastKnownFileType = sourcecode.c.objc; path = RouterReverseDemoTests.m; sourceTree = "<group>"; };
		D72792271E580E5500B7A101 /* Info.plist */ = {isa = PBXFileReference; lastKnownFileType = text.plist.xml; path = Info.plist; sourceTree = "<group>"; };
		D727922C1E580E5500B7A101 /* RouterReverseDemoUITests.xctest */ = {isa = PBXFileReference; explicitFileType = wrapper.cfbundle; includeInIndex = 0; path = RouterReverseDemoUITests.xctest; sourceTree = BUILT_PRODUCTS_DIR; };
		D72792301E580E5500B7A101 /* RouterReverseDemoUITests.m */ = {isa = PBXFileReference; lastKnownFileType = sourcecode.c.objc; path = RouterReverseDemoUITests.m; sourceTree = "<group>"; };
		D72792321E580E5500B7A101 /* Info.plist */ = {isa = PBXFileReference; lastKnownFileType = text.plist.xml; path = Info.plist; sourceTree = "<group>"; };
		D72792401E580E8200B7A101 /* DCSingleton.h */ = {isa = PBXFileReference; fileEncoding = 4; lastKnownFileType = sourcecode.c.h; path = DCSingleton.h; sourceTree = "<group>"; };
		D72792411E580E8200B7A101 /* DCURLNavgation.h */ = {isa = PBXFileReference; fileEncoding = 4; lastKnownFileType = sourcecode.c.h; path = DCURLNavgation.h; sourceTree = "<group>"; };
		D72792421E580E8200B7A101 /* DCURLNavgation.m */ = {isa = PBXFileReference; fileEncoding = 4; lastKnownFileType = sourcecode.c.objc; path = DCURLNavgation.m; sourceTree = "<group>"; };
		D72792431E580E8200B7A101 /* DCURLRouter.h */ = {isa = PBXFileReference; fileEncoding = 4; lastKnownFileType = sourcecode.c.h; path = DCURLRouter.h; sourceTree = "<group>"; };
		D72792441E580E8200B7A101 /* DCURLRouter.m */ = {isa = PBXFileReference; fileEncoding = 4; lastKnownFileType = sourcecode.c.objc; path = DCURLRouter.m; sourceTree = "<group>"; };
		D72792451E580E8200B7A101 /* UIViewController+DCURLRouter.h */ = {isa = PBXFileReference; fileEncoding = 4; lastKnownFileType = sourcecode.c.h; path = "UIViewController+DCURLRouter.h"; sourceTree = "<group>"; };
		D72792461E580E8200B7A101 /* UIViewController+DCURLRouter.m */ = {isa = PBXFileReference; fileEncoding = 4; lastKnownFileType = sourcecode.c.objc; path = "UIViewController+DCURLRouter.m"; sourceTree = "<group>"; };
		D72792481E580E8200B7A101 /* ENNativePushManager.h */ = {isa = PBXFileReference; fileEncoding = 4; lastKnownFileType = sourcecode.c.h; path = ENNativePushManager.h; sourceTree = "<group>"; };
		D72792491E580E8200B7A101 /* ENNativePushManager.m */ = {isa = PBXFileReference; fileEncoding = 4; lastKnownFileType = sourcecode.c.objc; path = ENNativePushManager.m; sourceTree = "<group>"; };
		D727924A1E580E8200B7A101 /* UIViewController+ReverseValue.h */ = {isa = PBXFileReference; fileEncoding = 4; lastKnownFileType = sourcecode.c.h; path = "UIViewController+ReverseValue.h"; sourceTree = "<group>"; };
		D727924B1E580E8200B7A101 /* UIViewController+ReverseValue.m */ = {isa = PBXFileReference; fileEncoding = 4; lastKnownFileType = sourcecode.c.objc; path = "UIViewController+ReverseValue.m"; sourceTree = "<group>"; };
		D72792511E580F1F00B7A101 /* SecondViewController.h */ = {isa = PBXFileReference; fileEncoding = 4; lastKnownFileType = sourcecode.c.h; path = SecondViewController.h; sourceTree = "<group>"; };
		D72792521E580F1F00B7A101 /* SecondViewController.m */ = {isa = PBXFileReference; fileEncoding = 4; lastKnownFileType = sourcecode.c.objc; path = SecondViewController.m; sourceTree = "<group>"; };
		D72792541E58107200B7A101 /* DCURLRouter.plist */ = {isa = PBXFileReference; fileEncoding = 4; lastKnownFileType = text.plist.xml; path = DCURLRouter.plist; sourceTree = "<group>"; };
/* End PBXFileReference section */

/* Begin PBXFrameworksBuildPhase section */
		D72792051E580E5500B7A101 /* Frameworks */ = {
			isa = PBXFrameworksBuildPhase;
			buildActionMask = 2147483647;
			files = (
			);
			runOnlyForDeploymentPostprocessing = 0;
		};
		D727921E1E580E5500B7A101 /* Frameworks */ = {
			isa = PBXFrameworksBuildPhase;
			buildActionMask = 2147483647;
			files = (
			);
			runOnlyForDeploymentPostprocessing = 0;
		};
		D72792291E580E5500B7A101 /* Frameworks */ = {
			isa = PBXFrameworksBuildPhase;
			buildActionMask = 2147483647;
			files = (
			);
			runOnlyForDeploymentPostprocessing = 0;
		};
/* End PBXFrameworksBuildPhase section */

/* Begin PBXGroup section */
		D72791FF1E580E5500B7A101 = {
			isa = PBXGroup;
			children = (
				D727920A1E580E5500B7A101 /* RouterReverseDemo */,
				D72792241E580E5500B7A101 /* RouterReverseDemoTests */,
				D727922F1E580E5500B7A101 /* RouterReverseDemoUITests */,
				D72792091E580E5500B7A101 /* Products */,
			);
			sourceTree = "<group>";
		};
		D72792091E580E5500B7A101 /* Products */ = {
			isa = PBXGroup;
			children = (
				D72792081E580E5500B7A101 /* RouterReverseDemo.app */,
				D72792211E580E5500B7A101 /* RouterReverseDemoTests.xctest */,
				D727922C1E580E5500B7A101 /* RouterReverseDemoUITests.xctest */,
			);
			name = Products;
			sourceTree = "<group>";
		};
		D727920A1E580E5500B7A101 /* RouterReverseDemo */ = {
			isa = PBXGroup;
			children = (
				D727923E1E580E8200B7A101 /* URLRouter */,
				D727920E1E580E5500B7A101 /* AppDelegate.h */,
				D727920F1E580E5500B7A101 /* AppDelegate.m */,
				D72792111E580E5500B7A101 /* ViewController.h */,
				D72792121E580E5500B7A101 /* ViewController.m */,
				D72792141E580E5500B7A101 /* Main.storyboard */,
				D72792171E580E5500B7A101 /* Assets.xcassets */,
				D72792191E580E5500B7A101 /* LaunchScreen.storyboard */,
				D727921C1E580E5500B7A101 /* Info.plist */,
				D727920B1E580E5500B7A101 /* Supporting Files */,
				D72792511E580F1F00B7A101 /* SecondViewController.h */,
				D72792521E580F1F00B7A101 /* SecondViewController.m */,
			);
			path = RouterReverseDemo;
			sourceTree = "<group>";
		};
		D727920B1E580E5500B7A101 /* Supporting Files */ = {
			isa = PBXGroup;
			children = (
				D727920C1E580E5500B7A101 /* main.m */,
			);
			name = "Supporting Files";
			sourceTree = "<group>";
		};
		D72792241E580E5500B7A101 /* RouterReverseDemoTests */ = {
			isa = PBXGroup;
			children = (
				D72792251E580E5500B7A101 /* RouterReverseDemoTests.m */,
				D72792271E580E5500B7A101 /* Info.plist */,
			);
			path = RouterReverseDemoTests;
			sourceTree = "<group>";
		};
		D727922F1E580E5500B7A101 /* RouterReverseDemoUITests */ = {
			isa = PBXGroup;
			children = (
				D72792301E580E5500B7A101 /* RouterReverseDemoUITests.m */,
				D72792321E580E5500B7A101 /* Info.plist */,
			);
			path = RouterReverseDemoUITests;
			sourceTree = "<group>";
		};
		D727923E1E580E8200B7A101 /* URLRouter */ = {
			isa = PBXGroup;
			children = (
				D727923F1E580E8200B7A101 /* DCURLRouter */,
				D72792471E580E8200B7A101 /* ENURLManager */,
			);
			path = URLRouter;
			sourceTree = "<group>";
		};
		D727923F1E580E8200B7A101 /* DCURLRouter */ = {
			isa = PBXGroup;
			children = (
				D72792541E58107200B7A101 /* DCURLRouter.plist */,
				D72792401E580E8200B7A101 /* DCSingleton.h */,
				D72792411E580E8200B7A101 /* DCURLNavgation.h */,
				D72792421E580E8200B7A101 /* DCURLNavgation.m */,
				D72792431E580E8200B7A101 /* DCURLRouter.h */,
				D72792441E580E8200B7A101 /* DCURLRouter.m */,
				D72792451E580E8200B7A101 /* UIViewController+DCURLRouter.h */,
				D72792461E580E8200B7A101 /* UIViewController+DCURLRouter.m */,
			);
			path = DCURLRouter;
			sourceTree = "<group>";
		};
		D72792471E580E8200B7A101 /* ENURLManager */ = {
			isa = PBXGroup;
			children = (
				D72792481E580E8200B7A101 /* ENNativePushManager.h */,
				D72792491E580E8200B7A101 /* ENNativePushManager.m */,
				D727924A1E580E8200B7A101 /* UIViewController+ReverseValue.h */,
				D727924B1E580E8200B7A101 /* UIViewController+ReverseValue.m */,
			);
			path = ENURLManager;
			sourceTree = "<group>";
		};
/* End PBXGroup section */

/* Begin PBXNativeTarget section */
		D72792071E580E5500B7A101 /* RouterReverseDemo */ = {
			isa = PBXNativeTarget;
			buildConfigurationList = D72792351E580E5500B7A101 /* Build configuration list for PBXNativeTarget "RouterReverseDemo" */;
			buildPhases = (
				D72792041E580E5500B7A101 /* Sources */,
				D72792051E580E5500B7A101 /* Frameworks */,
				D72792061E580E5500B7A101 /* Resources */,
			);
			buildRules = (
			);
			dependencies = (
			);
			name = RouterReverseDemo;
			productName = RouterReverseDemo;
			productReference = D72792081E580E5500B7A101 /* RouterReverseDemo.app */;
			productType = "com.apple.product-type.application";
		};
		D72792201E580E5500B7A101 /* RouterReverseDemoTests */ = {
			isa = PBXNativeTarget;
			buildConfigurationList = D72792381E580E5500B7A101 /* Build configuration list for PBXNativeTarget "RouterReverseDemoTests" */;
			buildPhases = (
				D727921D1E580E5500B7A101 /* Sources */,
				D727921E1E580E5500B7A101 /* Frameworks */,
				D727921F1E580E5500B7A101 /* Resources */,
			);
			buildRules = (
			);
			dependencies = (
				D72792231E580E5500B7A101 /* PBXTargetDependency */,
			);
			name = RouterReverseDemoTests;
			productName = RouterReverseDemoTests;
			productReference = D72792211E580E5500B7A101 /* RouterReverseDemoTests.xctest */;
			productType = "com.apple.product-type.bundle.unit-test";
		};
		D727922B1E580E5500B7A101 /* RouterReverseDemoUITests */ = {
			isa = PBXNativeTarget;
			buildConfigurationList = D727923B1E580E5500B7A101 /* Build configuration list for PBXNativeTarget "RouterReverseDemoUITests" */;
			buildPhases = (
				D72792281E580E5500B7A101 /* Sources */,
				D72792291E580E5500B7A101 /* Frameworks */,
				D727922A1E580E5500B7A101 /* Resources */,
			);
			buildRules = (
			);
			dependencies = (
				D727922E1E580E5500B7A101 /* PBXTargetDependency */,
			);
			name = RouterReverseDemoUITests;
			productName = RouterReverseDemoUITests;
			productReference = D727922C1E580E5500B7A101 /* RouterReverseDemoUITests.xctest */;
			productType = "com.apple.product-type.bundle.ui-testing";
		};
/* End PBXNativeTarget section */

/* Begin PBXProject section */
		D72792001E580E5500B7A101 /* Project object */ = {
			isa = PBXProject;
			attributes = {
				LastUpgradeCheck = 0820;
				ORGANIZATIONNAME = allentang;
				TargetAttributes = {
					D72792071E580E5500B7A101 = {
						CreatedOnToolsVersion = 8.2.1;
						ProvisioningStyle = Automatic;
					};
					D72792201E580E5500B7A101 = {
						CreatedOnToolsVersion = 8.2.1;
						ProvisioningStyle = Automatic;
						TestTargetID = D72792071E580E5500B7A101;
					};
					D727922B1E580E5500B7A101 = {
						CreatedOnToolsVersion = 8.2.1;
						ProvisioningStyle = Automatic;
						TestTargetID = D72792071E580E5500B7A101;
					};
				};
			};
			buildConfigurationList = D72792031E580E5500B7A101 /* Build configuration list for PBXProject "RouterReverseDemo" */;
			compatibilityVersion = "Xcode 3.2";
			developmentRegion = English;
			hasScannedForEncodings = 0;
			knownRegions = (
				en,
				Base,
			);
			mainGroup = D72791FF1E580E5500B7A101;
			productRefGroup = D72792091E580E5500B7A101 /* Products */;
			projectDirPath = "";
			projectRoot = "";
			targets = (
				D72792071E580E5500B7A101 /* RouterReverseDemo */,
				D72792201E580E5500B7A101 /* RouterReverseDemoTests */,
				D727922B1E580E5500B7A101 /* RouterReverseDemoUITests */,
			);
		};
/* End PBXProject section */

/* Begin PBXResourcesBuildPhase section */
		D72792061E580E5500B7A101 /* Resources */ = {
			isa = PBXResourcesBuildPhase;
			buildActionMask = 2147483647;
			files = (
				D727921B1E580E5500B7A101 /* LaunchScreen.storyboard in Resources */,
				D72792181E580E5500B7A101 /* Assets.xcassets in Resources */,
				D72792551E58107200B7A101 /* DCURLRouter.plist in Resources */,
				D72792161E580E5500B7A101 /* Main.storyboard in Resources */,
			);
			runOnlyForDeploymentPostprocessing = 0;
		};
		D727921F1E580E5500B7A101 /* Resources */ = {
			isa = PBXResourcesBuildPhase;
			buildActionMask = 2147483647;
			files = (
			);
			runOnlyForDeploymentPostprocessing = 0;
		};
		D727922A1E580E5500B7A101 /* Resources */ = {
			isa = PBXResourcesBuildPhase;
			buildActionMask = 2147483647;
			files = (
			);
			runOnlyForDeploymentPostprocessing = 0;
		};
/* End PBXResourcesBuildPhase section */

/* Begin PBXSourcesBuildPhase section */
		D72792041E580E5500B7A101 /* Sources */ = {
			isa = PBXSourcesBuildPhase;
			buildActionMask = 2147483647;
			files = (
				D72792531E580F1F00B7A101 /* SecondViewController.m in Sources */,
				D727924C1E580E8200B7A101 /* DCURLNavgation.m in Sources */,
				D72792131E580E5500B7A101 /* ViewController.m in Sources */,
				D727924E1E580E8200B7A101 /* UIViewController+DCURLRouter.m in Sources */,
				D72792501E580E8200B7A101 /* UIViewController+ReverseValue.m in Sources */,
				D727924D1E580E8200B7A101 /* DCURLRouter.m in Sources */,
				D72792101E580E5500B7A101 /* AppDelegate.m in Sources */,
				D727920D1E580E5500B7A101 /* main.m in Sources */,
				D727924F1E580E8200B7A101 /* ENNativePushManager.m in Sources */,
			);
			runOnlyForDeploymentPostprocessing = 0;
		};
		D727921D1E580E5500B7A101 /* Sources */ = {
			isa = PBXSourcesBuildPhase;
			buildActionMask = 2147483647;
			files = (
				D72792261E580E5500B7A101 /* RouterReverseDemoTests.m in Sources */,
			);
			runOnlyForDeploymentPostprocessing = 0;
		};
		D72792281E580E5500B7A101 /* Sources */ = {
			isa = PBXSourcesBuildPhase;
			buildActionMask = 2147483647;
			files = (
				D72792311E580E5500B7A101 /* RouterReverseDemoUITests.m in Sources */,
			);
			runOnlyForDeploymentPostprocessing = 0;
		};
/* End PBXSourcesBuildPhase section */

/* Begin PBXTargetDependency section */
		D72792231E580E5500B7A101 /* PBXTargetDependency */ = {
			isa = PBXTargetDependency;
			target = D72792071E580E5500B7A101 /* RouterReverseDemo */;
			targetProxy = D72792221E580E5500B7A101 /* PBXContainerItemProxy */;
		};
		D727922E1E580E5500B7A101 /* PBXTargetDependency */ = {
			isa = PBXTargetDependency;
			target = D72792071E580E5500B7A101 /* RouterReverseDemo */;
			targetProxy = D727922D1E580E5500B7A101 /* PBXContainerItemProxy */;
		};
/* End PBXTargetDependency section */

/* Begin PBXVariantGroup section */
		D72792141E580E5500B7A101 /* Main.storyboard */ = {
			isa = PBXVariantGroup;
			children = (
				D72792151E580E5500B7A101 /* Base */,
			);
			name = Main.storyboard;
			sourceTree = "<group>";
		};
		D72792191E580E5500B7A101 /* LaunchScreen.storyboard */ = {
			isa = PBXVariantGroup;
			children = (
				D727921A1E580E5500B7A101 /* Base */,
			);
			name = LaunchScreen.storyboard;
			sourceTree = "<group>";
		};
/* End PBXVariantGroup section */

/* Begin XCBuildConfiguration section */
		D72792331E580E5500B7A101 /* Debug */ = {
			isa = XCBuildConfiguration;
			buildSettings = {
				ALWAYS_SEARCH_USER_PATHS = NO;
				CLANG_ANALYZER_NONNULL = YES;
				CLANG_CXX_LANGUAGE_STANDARD = "gnu++0x";
				CLANG_CXX_LIBRARY = "libc++";
				CLANG_ENABLE_MODULES = YES;
				CLANG_ENABLE_OBJC_ARC = YES;
				CLANG_WARN_BOOL_CONVERSION = YES;
				CLANG_WARN_CONSTANT_CONVERSION = YES;
				CLANG_WARN_DIRECT_OBJC_ISA_USAGE = YES_ERROR;
				CLANG_WARN_DOCUMENTATION_COMMENTS = YES;
				CLANG_WARN_EMPTY_BODY = YES;
				CLANG_WARN_ENUM_CONVERSION = YES;
				CLANG_WARN_INFINITE_RECURSION = YES;
				CLANG_WARN_INT_CONVERSION = YES;
				CLANG_WARN_OBJC_ROOT_CLASS = YES_ERROR;
				CLANG_WARN_SUSPICIOUS_MOVE = YES;
				CLANG_WARN_UNREACHABLE_CODE = YES;
				CLANG_WARN__DUPLICATE_METHOD_MATCH = YES;
				"CODE_SIGN_IDENTITY[sdk=iphoneos*]" = "iPhone Developer";
				COPY_PHASE_STRIP = NO;
				DEBUG_INFORMATION_FORMAT = dwarf;
				ENABLE_STRICT_OBJC_MSGSEND = YES;
				ENABLE_TESTABILITY = YES;
				GCC_C_LANGUAGE_STANDARD = gnu99;
				GCC_DYNAMIC_NO_PIC = NO;
				GCC_NO_COMMON_BLOCKS = YES;
				GCC_OPTIMIZATION_LEVEL = 0;
				GCC_PREPROCESSOR_DEFINITIONS = (
					"DEBUG=1",
					"$(inherited)",
				);
				GCC_WARN_64_TO_32_BIT_CONVERSION = YES;
				GCC_WARN_ABOUT_RETURN_TYPE = YES_ERROR;
				GCC_WARN_UNDECLARED_SELECTOR = YES;
				GCC_WARN_UNINITIALIZED_AUTOS = YES_AGGRESSIVE;
				GCC_WARN_UNUSED_FUNCTION = YES;
				GCC_WARN_UNUSED_VARIABLE = YES;
				IPHONEOS_DEPLOYMENT_TARGET = 10.2;
				MTL_ENABLE_DEBUG_INFO = YES;
				ONLY_ACTIVE_ARCH = YES;
				SDKROOT = iphoneos;
			};
			name = Debug;
		};
		D72792341E580E5500B7A101 /* Release */ = {
			isa = XCBuildConfiguration;
			buildSettings = {
				ALWAYS_SEARCH_USER_PATHS = NO;
				CLANG_ANALYZER_NONNULL = YES;
				CLANG_CXX_LANGUAGE_STANDARD = "gnu++0x";
				CLANG_CXX_LIBRARY = "libc++";
				CLANG_ENABLE_MODULES = YES;
				CLANG_ENABLE_OBJC_ARC = YES;
				CLANG_WARN_BOOL_CONVERSION = YES;
				CLANG_WARN_CONSTANT_CONVERSION = YES;
				CLANG_WARN_DIRECT_OBJC_ISA_USAGE = YES_ERROR;
				CLANG_WARN_DOCUMENTATION_COMMENTS = YES;
				CLANG_WARN_EMPTY_BODY = YES;
				CLANG_WARN_ENUM_CONVERSION = YES;
				CLANG_WARN_INFINITE_RECURSION = YES;
				CLANG_WARN_INT_CONVERSION = YES;
				CLANG_WARN_OBJC_ROOT_CLASS = YES_ERROR;
				CLANG_WARN_SUSPICIOUS_MOVE = YES;
				CLANG_WARN_UNREACHABLE_CODE = YES;
				CLANG_WARN__DUPLICATE_METHOD_MATCH = YES;
				"CODE_SIGN_IDENTITY[sdk=iphoneos*]" = "iPhone Developer";
				COPY_PHASE_STRIP = NO;
				DEBUG_INFORMATION_FORMAT = "dwarf-with-dsym";
				ENABLE_NS_ASSERTIONS = NO;
				ENABLE_STRICT_OBJC_MSGSEND = YES;
				GCC_C_LANGUAGE_STANDARD = gnu99;
				GCC_NO_COMMON_BLOCKS = YES;
				GCC_WARN_64_TO_32_BIT_CONVERSION = YES;
				GCC_WARN_ABOUT_RETURN_TYPE = YES_ERROR;
				GCC_WARN_UNDECLARED_SELECTOR = YES;
				GCC_WARN_UNINITIALIZED_AUTOS = YES_AGGRESSIVE;
				GCC_WARN_UNUSED_FUNCTION = YES;
				GCC_WARN_UNUSED_VARIABLE = YES;
				IPHONEOS_DEPLOYMENT_TARGET = 10.2;
				MTL_ENABLE_DEBUG_INFO = NO;
				SDKROOT = iphoneos;
				VALIDATE_PRODUCT = YES;
			};
			name = Release;
		};
		D72792361E580E5500B7A101 /* Debug */ = {
			isa = XCBuildConfiguration;
			buildSettings = {
				ASSETCATALOG_COMPILER_APPICON_NAME = AppIcon;
				INFOPLIST_FILE = RouterReverseDemo/Info.plist;
				LD_RUNPATH_SEARCH_PATHS = "$(inherited) @executable_path/Frameworks";
				PRODUCT_BUNDLE_IDENTIFIER = com.tp.RouterReverseDemo;
				PRODUCT_NAME = "$(TARGET_NAME)";
			};
			name = Debug;
		};
		D72792371E580E5500B7A101 /* Release */ = {
			isa = XCBuildConfiguration;
			buildSettings = {
				ASSETCATALOG_COMPILER_APPICON_NAME = AppIcon;
				INFOPLIST_FILE = RouterReverseDemo/Info.plist;
				LD_RUNPATH_SEARCH_PATHS = "$(inherited) @executable_path/Frameworks";
				PRODUCT_BUNDLE_IDENTIFIER = com.tp.RouterReverseDemo;
				PRODUCT_NAME = "$(TARGET_NAME)";
			};
			name = Release;
		};
		D72792391E580E5500B7A101 /* Debug */ = {
			isa = XCBuildConfiguration;
			buildSettings = {
				BUNDLE_LOADER = "$(TEST_HOST)";
				INFOPLIST_FILE = RouterReverseDemoTests/Info.plist;
				LD_RUNPATH_SEARCH_PATHS = "$(inherited) @executable_path/Frameworks @loader_path/Frameworks";
				PRODUCT_BUNDLE_IDENTIFIER = com.tp.RouterReverseDemoTests;
				PRODUCT_NAME = "$(TARGET_NAME)";
				TEST_HOST = "$(BUILT_PRODUCTS_DIR)/RouterReverseDemo.app/RouterReverseDemo";
			};
			name = Debug;
		};
		D727923A1E580E5500B7A101 /* Release */ = {
			isa = XCBuildConfiguration;
			buildSettings = {
				BUNDLE_LOADER = "$(TEST_HOST)";
				INFOPLIST_FILE = RouterReverseDemoTests/Info.plist;
				LD_RUNPATH_SEARCH_PATHS = "$(inherited) @executable_path/Frameworks @loader_path/Frameworks";
				PRODUCT_BUNDLE_IDENTIFIER = com.tp.RouterReverseDemoTests;
				PRODUCT_NAME = "$(TARGET_NAME)";
				TEST_HOST = "$(BUILT_PRODUCTS_DIR)/RouterReverseDemo.app/RouterReverseDemo";
			};
			name = Release;
		};
		D727923C1E580E5500B7A101 /* Debug */ = {
			isa = XCBuildConfiguration;
			buildSettings = {
				INFOPLIST_FILE = RouterReverseDemoUITests/Info.plist;
				LD_RUNPATH_SEARCH_PATHS = "$(inherited) @executable_path/Frameworks @loader_path/Frameworks";
				PRODUCT_BUNDLE_IDENTIFIER = com.tp.RouterReverseDemoUITests;
				PRODUCT_NAME = "$(TARGET_NAME)";
				TEST_TARGET_NAME = RouterReverseDemo;
			};
			name = Debug;
		};
		D727923D1E580E5500B7A101 /* Release */ = {
			isa = XCBuildConfiguration;
			buildSettings = {
				INFOPLIST_FILE = RouterReverseDemoUITests/Info.plist;
				LD_RUNPATH_SEARCH_PATHS = "$(inherited) @executable_path/Frameworks @loader_path/Frameworks";
				PRODUCT_BUNDLE_IDENTIFIER = com.tp.RouterReverseDemoUITests;
				PRODUCT_NAME = "$(TARGET_NAME)";
				TEST_TARGET_NAME = RouterReverseDemo;
			};
			name = Release;
		};
/* End XCBuildConfiguration section */

/* Begin XCConfigurationList section */
		D72792031E580E5500B7A101 /* Build configuration list for PBXProject "RouterReverseDemo" */ = {
			isa = XCConfigurationList;
			buildConfigurations = (
				D72792331E580E5500B7A101 /* Debug */,
				D72792341E580E5500B7A101 /* Release */,
			);
			defaultConfigurationIsVisible = 0;
			defaultConfigurationName = Release;
		};
		D72792351E580E5500B7A101 /* Build configuration list for PBXNativeTarget "RouterReverseDemo" */ = {
			isa = XCConfigurationList;
			buildConfigurations = (
				D72792361E580E5500B7A101 /* Debug */,
				D72792371E580E5500B7A101 /* Release */,
			);
			defaultConfigurationIsVisible = 0;
		};
		D72792381E580E5500B7A101 /* Build configuration list for PBXNativeTarget "RouterReverseDemoTests" */ = {
			isa = XCConfigurationList;
			buildConfigurations = (
				D72792391E580E5500B7A101 /* Debug */,
				D727923A1E580E5500B7A101 /* Release */,
			);
			defaultConfigurationIsVisible = 0;
		};
		D727923B1E580E5500B7A101 /* Build configuration list for PBXNativeTarget "RouterReverseDemoUITests" */ = {
			isa = XCConfigurationList;
			buildConfigurations = (
				D727923C1E580E5500B7A101 /* Debug */,
				D727923D1E580E5500B7A101 /* Release */,
			);
			defaultConfigurationIsVisible = 0;
		};
/* End XCConfigurationList section */
	};
	rootObject = D72792001E580E5500B7A101 /* Project object */;
}
